// !$*UTF8*$!
{
	archiveVersion = 1;
	classes = {
	};
	objectVersion = 46;
	objects = {

/* Begin PBXBuildFile section */
		808B127D1DC4D2FE0004832D /* AppDelegate.swift in Sources */ = {isa = PBXBuildFile; fileRef = 808B127C1DC4D2FE0004832D /* AppDelegate.swift */; };
		808B127F1DC4D2FE0004832D /* ViewController.swift in Sources */ = {isa = PBXBuildFile; fileRef = 808B127E1DC4D2FE0004832D /* ViewController.swift */; };
		808B12821DC4D2FE0004832D /* Main.storyboard in Resources */ = {isa = PBXBuildFile; fileRef = 808B12801DC4D2FE0004832D /* Main.storyboard */; };
		808B12851DC4D2FE0004832D /* pokedex2.xcdatamodeld in Sources */ = {isa = PBXBuildFile; fileRef = 808B12831DC4D2FE0004832D /* pokedex2.xcdatamodeld */; };
		808B12871DC4D2FE0004832D /* Assets.xcassets in Resources */ = {isa = PBXBuildFile; fileRef = 808B12861DC4D2FE0004832D /* Assets.xcassets */; };
		808B128A1DC4D2FE0004832D /* LaunchScreen.storyboard in Resources */ = {isa = PBXBuildFile; fileRef = 808B12881DC4D2FE0004832D /* LaunchScreen.storyboard */; };
		808B12921DC4D5300004832D /* pokemon.csv in Resources */ = {isa = PBXBuildFile; fileRef = 808B12911DC4D5300004832D /* pokemon.csv */; };
/* End PBXBuildFile section */

/* Begin PBXFileReference section */
		808B12791DC4D2FE0004832D /* pokedex2.app */ = {isa = PBXFileReference; explicitFileType = wrapper.application; includeInIndex = 0; path = pokedex2.app; sourceTree = BUILT_PRODUCTS_DIR; };
		808B127C1DC4D2FE0004832D /* AppDelegate.swift */ = {isa = PBXFileReference; lastKnownFileType = sourcecode.swift; path = AppDelegate.swift; sourceTree = "<group>"; };
		808B127E1DC4D2FE0004832D /* ViewController.swift */ = {isa = PBXFileReference; lastKnownFileType = sourcecode.swift; path = ViewController.swift; sourceTree = "<group>"; };
		808B12811DC4D2FE0004832D /* Base */ = {isa = PBXFileReference; lastKnownFileType = file.storyboard; name = Base; path = Base.lproj/Main.storyboard; sourceTree = "<group>"; };
		808B12841DC4D2FE0004832D /* pokedex2.xcdatamodel */ = {isa = PBXFileReference; lastKnownFileType = wrapper.xcdatamodel; path = pokedex2.xcdatamodel; sourceTree = "<group>"; };
		808B12861DC4D2FE0004832D /* Assets.xcassets */ = {isa = PBXFileReference; lastKnownFileType = folder.assetcatalog; path = Assets.xcassets; sourceTree = "<group>"; };
		808B12891DC4D2FE0004832D /* Base */ = {isa = PBXFileReference; lastKnownFileType = file.storyboard; name = Base; path = Base.lproj/LaunchScreen.storyboard; sourceTree = "<group>"; };
		808B128B1DC4D2FE0004832D /* Info.plist */ = {isa = PBXFileReference; lastKnownFileType = text.plist.xml; path = Info.plist; sourceTree = "<group>"; };
		808B12911DC4D5300004832D /* pokemon.csv */ = {isa = PBXFileReference; fileEncoding = 4; lastKnownFileType = text; path = pokemon.csv; sourceTree = "<group>"; };
/* End PBXFileReference section */

/* Begin PBXFrameworksBuildPhase section */
		808B12761DC4D2FE0004832D /* Frameworks */ = {
			isa = PBXFrameworksBuildPhase;
			buildActionMask = 2147483647;
			files = (
			);
			runOnlyForDeploymentPostprocessing = 0;
		};
/* End PBXFrameworksBuildPhase section */

/* Begin PBXGroup section */
		808B12701DC4D2FE0004832D = {
			isa = PBXGroup;
			children = (
				808B127B1DC4D2FE0004832D /* pokedex2 */,
				808B127A1DC4D2FE0004832D /* Products */,
			);
			sourceTree = "<group>";
		};
		808B127A1DC4D2FE0004832D /* Products */ = {
			isa = PBXGroup;
			children = (
				808B12791DC4D2FE0004832D /* pokedex2.app */,
			);
			name = Products;
			sourceTree = "<group>";
		};
		808B127B1DC4D2FE0004832D /* pokedex2 */ = {
			isa = PBXGroup;
			children = (
				808B127C1DC4D2FE0004832D /* AppDelegate.swift */,
				808B127E1DC4D2FE0004832D /* ViewController.swift */,
				808B12801DC4D2FE0004832D /* Main.storyboard */,
				808B12861DC4D2FE0004832D /* Assets.xcassets */,
				808B12911DC4D5300004832D /* pokemon.csv */,
				808B12881DC4D2FE0004832D /* LaunchScreen.storyboard */,
				808B128B1DC4D2FE0004832D /* Info.plist */,
				808B12831DC4D2FE0004832D /* pokedex2.xcdatamodeld */,
			);
			path = pokedex2;
			sourceTree = "<group>";
		};
/* End PBXGroup section */

/* Begin PBXNativeTarget section */
		808B12781DC4D2FE0004832D /* pokedex2 */ = {
			isa = PBXNativeTarget;
			buildConfigurationList = 808B128E1DC4D2FE0004832D /* Build configuration list for PBXNativeTarget "pokedex2" */;
			buildPhases = (
				808B12751DC4D2FE0004832D /* Sources */,
				808B12761DC4D2FE0004832D /* Frameworks */,
				808B12771DC4D2FE0004832D /* Resources */,
			);
			buildRules = (
			);
			dependencies = (
			);
			name = pokedex2;
			productName = pokedex2;
			productReference = 808B12791DC4D2FE0004832D /* pokedex2.app */;
			productType = "com.apple.product-type.application";
		};
/* End PBXNativeTarget section */

/* Begin PBXProject section */
		808B12711DC4D2FE0004832D /* Project object */ = {
			isa = PBXProject;
			attributes = {
				LastSwiftUpdateCheck = 0800;
				LastUpgradeCheck = 0800;
				ORGANIZATIONNAME = "Arif ";
				TargetAttributes = {
					808B12781DC4D2FE0004832D = {
						CreatedOnToolsVersion = 8.0;
						ProvisioningStyle = Automatic;
					};
				};
			};
			buildConfigurationList = 808B12741DC4D2FE0004832D /* Build configuration list for PBXProject "pokedex2" */;
			compatibilityVersion = "Xcode 3.2";
			developmentRegion = English;
			hasScannedForEncodings = 0;
			knownRegions = (
				en,
				Base,
			);
			mainGroup = 808B12701DC4D2FE0004832D;
			productRefGroup = 808B127A1DC4D2FE0004832D /* Products */;
			projectDirPath = "";
			projectRoot = "";
			targets = (
				808B12781DC4D2FE0004832D /* pokedex2 */,
			);
		};
/* End PBXProject section */

/* Begin PBXResourcesBuildPhase section */
		808B12771DC4D2FE0004832D /* Resources */ = {
			isa = PBXResourcesBuildPhase;
			buildActionMask = 2147483647;
			files = (
				808B128A1DC4D2FE0004832D /* LaunchScreen.storyboard in Resources */,
				808B12871DC4D2FE0004832D /* Assets.xcassets in Resources */,
				808B12921DC4D5300004832D /* pokemon.csv in Resources */,
				808B12821DC4D2FE0004832D /* Main.storyboard in Resources */,
			);
			runOnlyForDeploymentPostprocessing = 0;
		};
/* End PBXResourcesBuildPhase section */

/* Begin PBXSourcesBuildPhase section */
		808B12751DC4D2FE0004832D /* Sources */ = {
			isa = PBXSourcesBuildPhase;
			buildActionMask = 2147483647;
			files = (
				808B12851DC4D2FE0004832D /* pokedex2.xcdatamodeld in Sources */,
				808B127F1DC4D2FE0004832D /* ViewController.swift in Sources */,
				808B127D1DC4D2FE0004832D /* AppDelegate.swift in Sources */,
			);
			runOnlyForDeploymentPostprocessing = 0;
		};
/* End PBXSourcesBuildPhase section */

/* Begin PBXVariantGroup section */
		808B12801DC4D2FE0004832D /* Main.storyboard */ = {
			isa = PBXVariantGroup;
			children = (
				808B12811DC4D2FE0004832D /* Base */,
			);
			name = Main.storyboard;
			sourceTree = "<group>";
		};
		808B12881DC4D2FE0004832D /* LaunchScreen.storyboard */ = {
			isa = PBXVariantGroup;
			children = (
				808B12891DC4D2FE0004832D /* Base */,
			);
			name = LaunchScreen.storyboard;
			sourceTree = "<group>";
		};
/* End PBXVariantGroup section */

/* Begin XCBuildConfiguration section */
		808B128C1DC4D2FE0004832D /* Debug */ = {
			isa = XCBuildConfiguration;
			buildSettings = {
				ALWAYS_SEARCH_USER_PATHS = NO;
				CLANG_ANALYZER_NONNULL = YES;
				CLANG_CXX_LANGUAGE_STANDARD = "gnu++0x";
				CLANG_CXX_LIBRARY = "libc++";
				CLANG_ENABLE_MODULES = YES;
				CLANG_ENABLE_OBJC_ARC = YES;
				CLANG_WARN_BOOL_CONVERSION = YES;
				CLANG_WARN_CONSTANT_CONVERSION = YES;
				CLANG_WARN_DIRECT_OBJC_ISA_USAGE = YES_ERROR;
				CLANG_WARN_DOCUMENTATION_COMMENTS = YES;
				CLANG_WARN_EMPTY_BODY = YES;
				CLANG_WARN_ENUM_CONVERSION = YES;
				CLANG_WARN_INFINITE_RECURSION = YES;
				CLANG_WARN_INT_CONVERSION = YES;
				CLANG_WARN_OBJC_ROOT_CLASS = YES_ERROR;
				CLANG_WARN_SUSPICIOUS_MOVES = YES;
				CLANG_WARN_UNREACHABLE_CODE = YES;
				CLANG_WARN__DUPLICATE_METHOD_MATCH = YES;
				"CODE_SIGN_IDENTITY[sdk=iphoneos*]" = "iPhone Developer";
				COPY_PHASE_STRIP = NO;
				DEBUG_INFORMATION_FORMAT = dwarf;
				ENABLE_STRICT_OBJC_MSGSEND = YES;
				ENABLE_TESTABILITY = YES;
				GCC_C_LANGUAGE_STANDARD = gnu99;
				GCC_DYNAMIC_NO_PIC = NO;
				GCC_NO_COMMON_BLOCKS = YES;
				GCC_OPTIMIZATION_LEVEL = 0;
				GCC_PREPROCESSOR_DEFINITIONS = (
					"DEBUG=1",
					"$(inherited)",
				);
				GCC_WARN_64_TO_32_BIT_CONVERSION = YES;
				GCC_WARN_ABOUT_RETURN_TYPE = YES_ERROR;
				GCC_WARN_UNDECLARED_SELECTOR = YES;
				GCC_WARN_UNINITIALIZED_AUTOS = YES_AGGRESSIVE;
				GCC_WARN_UNUSED_FUNCTION = YES;
				GCC_WARN_UNUSED_VARIABLE = YES;
				IPHONEOS_DEPLOYMENT_TARGET = 10.0;
				MTL_ENABLE_DEBUG_INFO = YES;
				ONLY_ACTIVE_ARCH = YES;
				SDKROOT = iphoneos;
				SWIFT_ACTIVE_COMPILATION_CONDITIONS = DEBUG;
				SWIFT_OPTIMIZATION_LEVEL = "-Onone";
				TARGETED_DEVICE_FAMILY = "1,2";
			};
			name = Debug;
		};
		808B128D1DC4D2FE0004832D /* Release */ = {
			isa = XCBuildConfiguration;
			buildSettings = {
				ALWAYS_SEARCH_USER_PATHS = NO;
				CLANG_ANALYZER_NONNULL = YES;
				CLANG_CXX_LANGUAGE_STANDARD = "gnu++0x";
				CLANG_CXX_LIBRARY = "libc++";
				CLANG_ENABLE_MODULES = YES;
				CLANG_ENABLE_OBJC_ARC = YES;
				CLANG_WARN_BOOL_CONVERSION = YES;
				CLANG_WARN_CONSTANT_CONVERSION = YES;
				CLANG_WARN_DIRECT_OBJC_ISA_USAGE = YES_ERROR;
				CLANG_WARN_DOCUMENTATION_COMMENTS = YES;
				CLANG_WARN_EMPTY_BODY = YES;
				CLANG_WARN_ENUM_CONVERSION = YES;
				CLANG_WARN_INFINITE_RECURSION = YES;
				CLANG_WARN_INT_CONVERSION = YES;
				CLANG_WARN_OBJC_ROOT_CLASS = YES_ERROR;
				CLANG_WARN_SUSPICIOUS_MOVES = YES;
				CLANG_WARN_UNREACHABLE_CODE = YES;
				CLANG_WARN__DUPLICATE_METHOD_MATCH = YES;
				"CODE_SIGN_IDENTITY[sdk=iphoneos*]" = "iPhone Developer";
				COPY_PHASE_STRIP = NO;
				DEBUG_INFORMATION_FORMAT = "dwarf-with-dsym";
				ENABLE_NS_ASSERTIONS = NO;
				ENABLE_STRICT_OBJC_MSGSEND = YES;
				GCC_C_LANGUAGE_STANDARD = gnu99;
				GCC_NO_COMMON_BLOCKS = YES;
				GCC_WARN_64_TO_32_BIT_CONVERSION = YES;
				GCC_WARN_ABOUT_RETURN_TYPE = YES_ERROR;
				GCC_WARN_UNDECLARED_SELECTOR = YES;
				GCC_WARN_UNINITIALIZED_AUTOS = YES_AGGRESSIVE;
				GCC_WARN_UNUSED_FUNCTION = YES;
				GCC_WARN_UNUSED_VARIABLE = YES;
				IPHONEOS_DEPLOYMENT_TARGET = 10.0;
				MTL_ENABLE_DEBUG_INFO = NO;
				SDKROOT = iphoneos;
				SWIFT_OPTIMIZATION_LEVEL = "-Owholemodule";
				TARGETED_DEVICE_FAMILY = "1,2";
				VALIDATE_PRODUCT = YES;
			};
			name = Release;
		};
		808B128F1DC4D2FE0004832D /* Debug */ = {
			isa = XCBuildConfiguration;
			buildSettings = {
				ASSETCATALOG_COMPILER_APPICON_NAME = AppIcon;
				INFOPLIST_FILE = pokedex2/Info.plist;
				LD_RUNPATH_SEARCH_PATHS = "$(inherited) @executable_path/Frameworks";
				PRODUCT_BUNDLE_IDENTIFIER = com.arif.pokedex2;
				PRODUCT_NAME = "$(TARGET_NAME)";
				SWIFT_VERSION = 3.0;
			};
			name = Debug;
		};
		808B12901DC4D2FE0004832D /* Release */ = {
			isa = XCBuildConfiguration;
			buildSettings = {
				ASSETCATALOG_COMPILER_APPICON_NAME = AppIcon;
				INFOPLIST_FILE = pokedex2/Info.plist;
				LD_RUNPATH_SEARCH_PATHS = "$(inherited) @executable_path/Frameworks";
				PRODUCT_BUNDLE_IDENTIFIER = com.arif.pokedex2;
				PRODUCT_NAME = "$(TARGET_NAME)";
				SWIFT_VERSION = 3.0;
			};
			name = Release;
		};
/* End XCBuildConfiguration section */

/* Begin XCConfigurationList section */
		808B12741DC4D2FE0004832D /* Build configuration list for PBXProject "pokedex2" */ = {
			isa = XCConfigurationList;
			buildConfigurations = (
				808B128C1DC4D2FE0004832D /* Debug */,
				808B128D1DC4D2FE0004832D /* Release */,
			);
			defaultConfigurationIsVisible = 0;
			defaultConfigurationName = Release;
		};
		808B128E1DC4D2FE0004832D /* Build configuration list for PBXNativeTarget "pokedex2" */ = {
			isa = XCConfigurationList;
			buildConfigurations = (
				808B128F1DC4D2FE0004832D /* Debug */,
				808B12901DC4D2FE0004832D /* Release */,
			);
			defaultConfigurationIsVisible = 0;
			defaultConfigurationName = Release;
		};
/* End XCConfigurationList section */

/* Begin XCVersionGroup section */
		808B12831DC4D2FE0004832D /* pokedex2.xcdatamodeld */ = {
			isa = XCVersionGroup;
			children = (
				808B12841DC4D2FE0004832D /* pokedex2.xcdatamodel */,
			);
			currentVersion = 808B12841DC4D2FE0004832D /* pokedex2.xcdatamodel */;
			path = pokedex2.xcdatamodeld;
			sourceTree = "<group>";
			versionGroupType = wrapper.xcdatamodel;
		};
/* End XCVersionGroup section */
	};
	rootObject = 808B12711DC4D2FE0004832D /* Project object */;
}
